github.com/michaeldcanady/Slicetils/SliceTils v0.0.0-20210225154424-34d9532ed5d5 h1:yJTnSo+Blg/GBOR4fwEg1fNmAofmyY03SG8XaHiRg+8=
github.com/michaeldcanady/Slicetils/SliceTils v0.0.0-20210225154424-34d9532ed5d5/go.mod h1:GMrWoX55beyzt4FZuwjufc0pSjV6bTBRHWlKLaxZ6f0=
github.com/michaeldcanady/Windows-api v0.0.0-20210225160204-a54dc54247a5 h1:BpHctGxCNvsfnTLeItqyN3ZVMcnrBFz/gdxOGKu2jOE=
github.com/michaeldcanady/Windows-api v0.0.0-20210225160204-a54dc54247a5/go.mod h1:ujtWZi/PFpoickKpoH9kIYwB0ZoKhEFdFv96ymxKTDE=
github.com/michaeldcanady/goconversion/Conversion v0.0.0-20210225154955-020d719093e6 h1:Rf0SwcW3qmq8fQv+jqSBEPegnb19qlP7ABBXsHE/AAA=
github.com/michaeldcanady/goconversion/Conversion v0.0.0-20210225154955-020d719093e6/go.mod h1:O459UefiE8pEB2DXmk8CpsvChcr7rd1n3uINaYT8+Fo=
